
Microsoft Visual Studio Solution File, Format Version 12.00
# Visual Studio Version 16
VisualStudioVersion = 16.0.30523.141
MinimumVisualStudioVersion = 10.0.40219.1
Project("{FAE04EC0-301F-11D3-BF4B-00C04F79EFBC}") = "TradeBash.Core", "TradeBash\src\TradeBash.Core\TradeBash.Core.csproj", "{6B254842-63A4-49F3-91DB-1DFB6F54E2FA}"
EndProject
Project("{FAE04EC0-301F-11D3-BF4B-00C04F79EFBC}") = "TradeBash.Infrastructure", "TradeBash\src\TradeBash.Infrastructure\TradeBash.Infrastructure.csproj", "{E2FA920E-6DD5-48F9-935A-ADEF61812A8D}"
EndProject
Project("{FAE04EC0-301F-11D3-BF4B-00C04F79EFBC}") = "TradeBash.SharedKernel", "TradeBash\src\TradeBash.SharedKernel\TradeBash.SharedKernel.csproj", "{4A70B030-2274-4F2B-A507-5D8A4231AB38}"
EndProject
Project("{FAE04EC0-301F-11D3-BF4B-00C04F79EFBC}") = "TradeBash.Web", "TradeBash\src\TradeBash.Web\TradeBash.Web.csproj", "{DA3593F9-03AF-4365-8415-F693007AD87D}"
EndProject
Project("{FAE04EC0-301F-11D3-BF4B-00C04F79EFBC}") = "TradeBash.UnitTests", "TradeBash\tests\TradeBash.UnitTests\TradeBash.UnitTests.csproj", "{55EAEE45-48B6-488F-80E7-67D2965A4802}"
EndProject
Project("{FAE04EC0-301F-11D3-BF4B-00C04F79EFBC}") = "TradeBash.IntegrationTests", "TradeBash\tests\TradeBash.IntegrationTests\TradeBash.IntegrationTests.csproj", "{F023E3CA-6CD8-4272-B77D-957D6A6FEC69}"
EndProject
Project("{FAE04EC0-301F-11D3-BF4B-00C04F79EFBC}") = "TradeBash.FunctionalTests", "TradeBash\tests\TradeBash.FunctionalTests\TradeBash.FunctionalTests.csproj", "{797A2D14-D41B-434A-8538-82DA699AD618}"
EndProject
Project("{FAE04EC0-301F-11D3-BF4B-00C04F79EFBC}") = "TradeBash.DataCentre", "TradeBash.DataCentre\TradeBash.DataCentre.csproj", "{1522AC7C-8C8B-444D-AC87-461EE3651642}"
EndProject
Global
	GlobalSection(SolutionConfigurationPlatforms) = preSolution
		Debug|Any CPU = Debug|Any CPU
		Release|Any CPU = Release|Any CPU
	EndGlobalSection
	GlobalSection(ProjectConfigurationPlatforms) = postSolution
		{6B254842-63A4-49F3-91DB-1DFB6F54E2FA}.Debug|Any CPU.ActiveCfg = Debug|Any CPU
		{6B254842-63A4-49F3-91DB-1DFB6F54E2FA}.Debug|Any CPU.Build.0 = Debug|Any CPU
		{6B254842-63A4-49F3-91DB-1DFB6F54E2FA}.Release|Any CPU.ActiveCfg = Release|Any CPU
		{6B254842-63A4-49F3-91DB-1DFB6F54E2FA}.Release|Any CPU.Build.0 = Release|Any CPU
		{E2FA920E-6DD5-48F9-935A-ADEF61812A8D}.Debug|Any CPU.ActiveCfg = Debug|Any CPU
		{E2FA920E-6DD5-48F9-935A-ADEF61812A8D}.Debug|Any CPU.Build.0 = Debug|Any CPU
		{E2FA920E-6DD5-48F9-935A-ADEF61812A8D}.Release|Any CPU.ActiveCfg = Release|Any CPU
		{E2FA920E-6DD5-48F9-935A-ADEF61812A8D}.Release|Any CPU.Build.0 = Release|Any CPU
		{4A70B030-2274-4F2B-A507-5D8A4231AB38}.Debug|Any CPU.ActiveCfg = Debug|Any CPU
		{4A70B030-2274-4F2B-A507-5D8A4231AB38}.Debug|Any CPU.Build.0 = Debug|Any CPU
		{4A70B030-2274-4F2B-A507-5D8A4231AB38}.Release|Any CPU.ActiveCfg = Release|Any CPU
		{4A70B030-2274-4F2B-A507-5D8A4231AB38}.Release|Any CPU.Build.0 = Release|Any CPU
		{DA3593F9-03AF-4365-8415-F693007AD87D}.Debug|Any CPU.ActiveCfg = Debug|Any CPU
		{DA3593F9-03AF-4365-8415-F693007AD87D}.Debug|Any CPU.Build.0 = Debug|Any CPU
		{DA3593F9-03AF-4365-8415-F693007AD87D}.Release|Any CPU.ActiveCfg = Release|Any CPU
		{DA3593F9-03AF-4365-8415-F693007AD87D}.Release|Any CPU.Build.0 = Release|Any CPU
		{55EAEE45-48B6-488F-80E7-67D2965A4802}.Debug|Any CPU.ActiveCfg = Debug|Any CPU
		{55EAEE45-48B6-488F-80E7-67D2965A4802}.Debug|Any CPU.Build.0 = Debug|Any CPU
		{55EAEE45-48B6-488F-80E7-67D2965A4802}.Release|Any CPU.ActiveCfg = Release|Any CPU
		{55EAEE45-48B6-488F-80E7-67D2965A4802}.Release|Any CPU.Build.0 = Release|Any CPU
		{F023E3CA-6CD8-4272-B77D-957D6A6FEC69}.Debug|Any CPU.ActiveCfg = Debug|Any CPU
		{F023E3CA-6CD8-4272-B77D-957D6A6FEC69}.Debug|Any CPU.Build.0 = Debug|Any CPU
		{F023E3CA-6CD8-4272-B77D-957D6A6FEC69}.Release|Any CPU.ActiveCfg = Release|Any CPU
		{F023E3CA-6CD8-4272-B77D-957D6A6FEC69}.Release|Any CPU.Build.0 = Release|Any CPU
		{797A2D14-D41B-434A-8538-82DA699AD618}.Debug|Any CPU.ActiveCfg = Debug|Any CPU
		{797A2D14-D41B-434A-8538-82DA699AD618}.Debug|Any CPU.Build.0 = Debug|Any CPU
		{797A2D14-D41B-434A-8538-82DA699AD618}.Release|Any CPU.ActiveCfg = Release|Any CPU
		{797A2D14-D41B-434A-8538-82DA699AD618}.Release|Any CPU.Build.0 = Release|Any CPU
		{1522AC7C-8C8B-444D-AC87-461EE3651642}.Debug|Any CPU.ActiveCfg = Debug|Any CPU
		{1522AC7C-8C8B-444D-AC87-461EE3651642}.Debug|Any CPU.Build.0 = Debug|Any CPU
		{1522AC7C-8C8B-444D-AC87-461EE3651642}.Release|Any CPU.ActiveCfg = Release|Any CPU
		{1522AC7C-8C8B-444D-AC87-461EE3651642}.Release|Any CPU.Build.0 = Release|Any CPU
	EndGlobalSection
	GlobalSection(SolutionProperties) = preSolution
		HideSolutionNode = FALSE
	EndGlobalSection
	GlobalSection(ExtensibilityGlobals) = postSolution
		SolutionGuid = {C9FCBB70-4DBD-4477-AAD2-B01ED2B4620C}
	EndGlobalSection
EndGlobal
